{
  "name": "trailista",
  "requires": true,
  "lockfileVersion": 1,
  "dependencies": {
    "validator": {
      "version": "12.0.0",
      "resolved": "https://registry.npmjs.org/validator/-/validator-12.0.0.tgz",
      "integrity": "sha512-r5zA1cQBEOgYlesRmSEwc9LkbfNLTtji+vWyaHzRZUxCTHdsX3bd+sdHfs5tGZ2W6ILGGsxWxCNwT/h3IY/3ng=="
    }
  }
}
